
Microsoft Visual Studio Solution File, Format Version 12.00
# Visual Studio 2012
Project("{FAE04EC0-301F-11D3-BF4B-00C04F79EFBC}") = "Duplicator", "Duplicator\Duplicator.csproj", "{54B85928-7AB8-4CC6-A0F2-5F5EA5D6294C}"
EndProject
Global
	GlobalSection(TeamFoundationVersionControl) = preSolution
		SccNumberOfProjects = 2
		SccEnterpriseProvider = {4CA58AB2-18FA-4F8D-95D4-32DDF27D184C}
		SccTeamFoundationServer = https://andriy-krupych.visualstudio.com/defaultcollection
		SccLocalPath0 = .
		SccProjectUniqueName1 = Duplicator\\Duplicator.csproj
		SccProjectName1 = Duplicator
		SccLocalPath1 = Duplicator
	EndGlobalSection
	GlobalSection(SolutionConfigurationPlatforms) = preSolution
		Debug|Any CPU = Debug|Any CPU
		Release|Any CPU = Release|Any CPU
	EndGlobalSection
	GlobalSection(ProjectConfigurationPlatforms) = postSolution
		{54B85928-7AB8-4CC6-A0F2-5F5EA5D6294C}.Debug|Any CPU.ActiveCfg = Debug|Any CPU
		{54B85928-7AB8-4CC6-A0F2-5F5EA5D6294C}.Debug|Any CPU.Build.0 = Debug|Any CPU
		{54B85928-7AB8-4CC6-A0F2-5F5EA5D6294C}.Release|Any CPU.ActiveCfg = Release|Any CPU
		{54B85928-7AB8-4CC6-A0F2-5F5EA5D6294C}.Release|Any CPU.Build.0 = Release|Any CPU
	EndGlobalSection
	GlobalSection(SolutionProperties) = preSolution
		HideSolutionNode = FALSE
	EndGlobalSection
EndGlobal
